github.com/mattn/go-runewidth v0.0.13 h1:lTGmDsbAYt5DmK6OnoV7EuIF1wEIFAcxld6ypU4OSgU=
github.com/mattn/go-runewidth v0.0.13/go.mod h1:Jdepj2loyihRzMpdS35Xk/zdY8IAYHsh153qUoGf23w=
github.com/pkg/errors v0.9.1 h1:FEBLx1zS214owpjy7qsBeixbURkuhQAwrK5UwLGTwt4=
github.com/pkg/errors v0.9.1/go.mod h1:bwawxfHBFNV+L2hUp1rHADufV3IMtnDRdf1r5NINEl0=
github.com/rivo/uniseg v0.2.0 h1:S1pD9weZBuJdFmowNwbpi7BJ8TNftyUImj/0WQi72jY=
github.com/rivo/uniseg v0.2.0/go.mod h1:J6wj4VEh+S6ZtnVlnTBMWIodfgj8LQOQFoIToxlJtxc=
github.com/shu-go/cliparser v0.0.0-20211030095704-21a9d4e542e9 h1:1fCxpJCzR5ZODsqXTTuKYRpI6lXcG9b1k0YcKrUBHik=
github.com/shu-go/cliparser v0.0.0-20211030095704-21a9d4e542e9/go.mod h1:h9zBORgtxOkotAowPkA87REX/iR5Kg1OtguILkbX5Vg=
github.com/shu-go/clise v0.0.0-20190822023516-79849fb81cfe h1:J0rPYz8tjtuwPPbVhIwVgOmLX0LVX18RxUuFs0GGGn0=
github.com/shu-go/clise v0.0.0-20190822023516-79849fb81cfe/go.mod h1:VLiMEzXMBozBLD37i3id3qPflaupus48v/979ipQ43s=
github.com/shu-go/gotwant v0.0.0-20190822031422-724391433f13/go.mod h1:UxvcvxZEQUBw6lS9UgXOPh1outjvx2+bvDlEOpCTuGo=
github.com/shu-go/gotwant v0.0.0-20190920074605-851c8677556b h1:HZZDo+sGck6gpa2lzY9rLVuatZwm6Q7qr59R3fZTeIk=
github.com/shu-go/gotwant v0.0.0-20190920074605-851c8677556b/go.mod h1:FZepfqvib0mXjHiaQPTv0RUD5QMpMA/FHLfBQjZRRQg=
